{
  "name": "@thezzisu/droidnode",
  "version": "0.158.0",
  "lockfileVersion": 3,
  "requires": true,
  "packages": {
    "": {
      "name": "@thezzisu/droidnode",
      "version": "0.158.0",
      "cpu": [
        "x64",
        "arm64"
      ],
      "license": "MIT",
      "os": [
        "linux",
        "darwin"
      ],
      "dependencies": {
        "droid": "^0.158.0",
        "koffi": "^2.10.0",
        "ws": "^8.18.0"
      },
      "bin": {
        "droidnode": "bin/droidnode.js"
      },
      "engines": {
        "node": ">=24.0.0"
      }
    },
    "node_modules/@factory/cli-darwin-arm64": {
      "version": "0.158.0",
      "resolved": "https://registry.npmjs.org/@factory/cli-darwin-arm64/-/cli-darwin-arm64-0.158.0.tgz",
      "integrity": "sha512-nELO7XNsiATq4g+WmQlF6b2FUTdI+2ORvZN+fyd3laDK3WWkpyrRQioi5E7FkNOKYSjMwm/a8cS60provj5GKg==",
      "cpu": [
        "arm64"
      ],
      "license": "UNLICENSED",
      "optional": true,
      "os": [
        "darwin"
      ]
    },
    "node_modules/@factory/cli-darwin-x64": {
      "version": "0.158.0",
      "resolved": "https://registry.npmjs.org/@factory/cli-darwin-x64/-/cli-darwin-x64-0.158.0.tgz",
      "integrity": "sha512-uP+LglimmQALfwNEpNsJjSTOiL81I2xcGKiqXZ/z0EgZIpc2zmIaAk+O6IMb3S2hQTIiu3CKGPCL1cFDEjKUxw==",
      "cpu": [
        "x64"
      ],
      "license": "UNLICENSED",
      "optional": true,
      "os": [
        "darwin"
      ]
    },
    "node_modules/@factory/cli-darwin-x64-baseline": {
      "version": "0.158.0",
      "resolved": "https://registry.npmjs.org/@factory/cli-darwin-x64-baseline/-/cli-darwin-x64-baseline-0.158.0.tgz",
      "integrity": "sha512-xfZFNYvhyvfM0hHVBZZQYQC0GNAbXAQbvuYb+/acz1OWOikDp6joz0tmQRKhN3kJdUMb5kNYSCiiPMLH7f/OzQ==",
      "cpu": [
        "x64"
      ],
      "license": "UNLICENSED",
      "optional": true,
      "os": [
        "darwin"
      ]
    },
    "node_modules/@factory/cli-linux-arm64": {
      "version": "0.158.0",
      "resolved": "https://registry.npmjs.org/@factory/cli-linux-arm64/-/cli-linux-arm64-0.158.0.tgz",
      "integrity": "sha512-CWFpsWfc8s+3aM3egDLUmSJy9JsLCcdXqI1B1ELkCe9hOYI/Kc6oxGY1PVo36aNlnOlMC/BrJS7nZAAmLj+8GQ==",
      "cpu": [
        "arm64"
      ],
      "license": "UNLICENSED",
      "optional": true,
      "os": [
        "linux"
      ]
    },
    "node_modules/@factory/cli-linux-x64": {
      "version": "0.158.0",
      "resolved": "https://registry.npmjs.org/@factory/cli-linux-x64/-/cli-linux-x64-0.158.0.tgz",
      "integrity": "sha512-BNNfp5vuKNypzJt/4I2qlgv20I28diJE/gHeZ1H/p3Y7htOHYVDozG2w9DvugvB9fu8B2KeAzk9sfglYRjrlQg==",
      "cpu": [
        "x64"
      ],
      "license": "UNLICENSED",
      "optional": true,
      "os": [
        "linux"
      ]
    },
    "node_modules/@factory/cli-linux-x64-baseline": {
      "version": "0.158.0",
      "resolved": "https://registry.npmjs.org/@factory/cli-linux-x64-baseline/-/cli-linux-x64-baseline-0.158.0.tgz",
      "integrity": "sha512-T0kbaZBqGBnWlA0xTn9Pi7HYfesBC1LubJd3icFLiNPwzt4PfgXjIMVUpJTykHdW0lLxlUz3Fn1j4yip/5VNoQ==",
      "cpu": [
        "x64"
      ],
      "license": "UNLICENSED",
      "optional": true,
      "os": [
        "linux"
      ]
    },
    "node_modules/@factory/cli-win32-arm64": {
      "version": "0.158.0",
      "resolved": "https://registry.npmjs.org/@factory/cli-win32-arm64/-/cli-win32-arm64-0.158.0.tgz",
      "integrity": "sha512-WeFYhtqudJ6NiAHuMeWuF5LBUUpZ/GQcwSyljoV8+A0DNZGvq+lzette0yKCYXykCCNlpHjG2PjSpZzh7/L/iQ==",
      "cpu": [
        "arm64"
      ],
      "license": "UNLICENSED",
      "optional": true,
      "os": [
        "win32"
      ]
    },
    "node_modules/@factory/cli-win32-x64": {
      "version": "0.158.0",
      "resolved": "https://registry.npmjs.org/@factory/cli-win32-x64/-/cli-win32-x64-0.158.0.tgz",
      "integrity": "sha512-KEySzrSj8Ptg8PtvF/b5tRGwQJlOx6NYxEZaIyepz8FNsr2DLNDaz3yZoRwvnnAKG5qcoormxpoTjbyO8xozhA==",
      "cpu": [
        "x64"
      ],
      "license": "UNLICENSED",
      "optional": true,
      "os": [
        "win32"
      ]
    },
    "node_modules/@factory/cli-win32-x64-baseline": {
      "version": "0.158.0",
      "resolved": "https://registry.npmjs.org/@factory/cli-win32-x64-baseline/-/cli-win32-x64-baseline-0.158.0.tgz",
      "integrity": "sha512-u03D8AxRSUtTnfNH5THabGavVE41QvHDXS6x2eEikY4qsmVTwVNlcZvYFK9Oaa4iPRcRwkcCNHzTBBUoNEIdpA==",
      "cpu": [
        "x64"
      ],
      "license": "UNLICENSED",
      "optional": true,
      "os": [
        "win32"
      ]
    },
    "node_modules/droid": {
      "version": "0.158.0",
      "resolved": "https://registry.npmjs.org/droid/-/droid-0.158.0.tgz",
      "integrity": "sha512-pV8XXeOMhj4gI1G7BsL1mABBHvYDceSQe0HYfW5knOEGSenvAptnXRdif5tTYLCAvyjSa2/pY3umjt2D0ePGuw==",
      "hasInstallScript": true,
      "license": "UNLICENSED",
      "bin": {
        "droid": "bin/droid"
      },
      "engines": {
        "node": ">=20.0.0"
      },
      "optionalDependencies": {
        "@factory/cli-darwin-arm64": "0.158.0",
        "@factory/cli-darwin-x64": "0.158.0",
        "@factory/cli-darwin-x64-baseline": "0.158.0",
        "@factory/cli-linux-arm64": "0.158.0",
        "@factory/cli-linux-x64": "0.158.0",
        "@factory/cli-linux-x64-baseline": "0.158.0",
        "@factory/cli-win32-arm64": "0.158.0",
        "@factory/cli-win32-x64": "0.158.0",
        "@factory/cli-win32-x64-baseline": "0.158.0"
      }
    },
    "node_modules/koffi": {
      "version": "2.16.2",
      "resolved": "https://registry.npmjs.org/koffi/-/koffi-2.16.2.tgz",
      "integrity": "sha512-owU0MRwv6xkrVqCd+33uw6BaYppkTRXbO/rVdJNI2dvZG0gzyRhYwW25eWtc5pauwK8TGh3AbkFONSezdykfSA==",
      "hasInstallScript": true,
      "license": "MIT",
      "funding": {
        "url": "https://liberapay.com/Koromix"
      }
    },
    "node_modules/ws": {
      "version": "8.21.0",
      "resolved": "https://registry.npmjs.org/ws/-/ws-8.21.0.tgz",
      "integrity": "sha512-Vsp28b7DRcimFQvrqu2Wek3z1iYxDCWqHYB8Qsnk/S4RfaCQzPGPyBNuVjJV3cd6UiKtUtp6sNM77gWvzcCH+g==",
      "license": "MIT",
      "engines": {
        "node": ">=10.0.0"
      },
      "peerDependencies": {
        "bufferutil": "^4.0.1",
        "utf-8-validate": ">=5.0.2"
      },
      "peerDependenciesMeta": {
        "bufferutil": {
          "optional": true
        },
        "utf-8-validate": {
          "optional": true
        }
      }
    }
  }
}
