{
  "name": "@thezzisu/droidnode",
  "version": "0.159.1",
  "lockfileVersion": 3,
  "requires": true,
  "packages": {
    "": {
      "name": "@thezzisu/droidnode",
      "version": "0.159.1",
      "cpu": [
        "x64",
        "arm64"
      ],
      "license": "MIT",
      "os": [
        "linux",
        "darwin"
      ],
      "dependencies": {
        "droid": "^0.159.1",
        "koffi": "^2.10.0",
        "ws": "^8.18.0"
      },
      "bin": {
        "droidnode": "bin/droidnode.js"
      },
      "engines": {
        "node": ">=24.0.0"
      }
    },
    "node_modules/@factory/cli-darwin-arm64": {
      "version": "0.159.1",
      "resolved": "https://registry.npmjs.org/@factory/cli-darwin-arm64/-/cli-darwin-arm64-0.159.1.tgz",
      "integrity": "sha512-NgEyguFjz8Ojrmgtcekn5sKvqyCuWfSSroHgbSoxL/Ren/1RMe8RcRVf336Nao83pIQRe4SjBCD2RiGxYzkJ6w==",
      "cpu": [
        "arm64"
      ],
      "license": "UNLICENSED",
      "optional": true,
      "os": [
        "darwin"
      ]
    },
    "node_modules/@factory/cli-darwin-x64": {
      "version": "0.159.1",
      "resolved": "https://registry.npmjs.org/@factory/cli-darwin-x64/-/cli-darwin-x64-0.159.1.tgz",
      "integrity": "sha512-/uP/YwmrxsY6NCEq4t+0V5uUlFFQWUSz3eJigpDxHA58HzobQUlNjixkhf7f2hQLzy4LQkdIMnW7M1l5sIGQzA==",
      "cpu": [
        "x64"
      ],
      "license": "UNLICENSED",
      "optional": true,
      "os": [
        "darwin"
      ]
    },
    "node_modules/@factory/cli-darwin-x64-baseline": {
      "version": "0.159.1",
      "resolved": "https://registry.npmjs.org/@factory/cli-darwin-x64-baseline/-/cli-darwin-x64-baseline-0.159.1.tgz",
      "integrity": "sha512-Qx98iqxWO4/jWaDGMrFTya5f0EHdksiJ8LubM4DfrflkxtzZBmAMu2FMygrwY2PDbRZNe+jmCiQ/0RbvF6rM/w==",
      "cpu": [
        "x64"
      ],
      "license": "UNLICENSED",
      "optional": true,
      "os": [
        "darwin"
      ]
    },
    "node_modules/@factory/cli-linux-arm64": {
      "version": "0.159.1",
      "resolved": "https://registry.npmjs.org/@factory/cli-linux-arm64/-/cli-linux-arm64-0.159.1.tgz",
      "integrity": "sha512-X4o4nSOJc6uxvgZoXn8/jHfkPH9eyopzRv+LrE56tIf09Ya1mropLFq33gxQ3TT8XSOXG0WOFjn1bjZZIogmqg==",
      "cpu": [
        "arm64"
      ],
      "license": "UNLICENSED",
      "optional": true,
      "os": [
        "linux"
      ]
    },
    "node_modules/@factory/cli-linux-x64": {
      "version": "0.159.1",
      "resolved": "https://registry.npmjs.org/@factory/cli-linux-x64/-/cli-linux-x64-0.159.1.tgz",
      "integrity": "sha512-jHSlo0gCza/ukov7XYaYgwX57+qVWwXWMXr8PvWLjdKyx5Im7dBUSCubaNGjeBylh/RQ0laGqk16lJBrhm7k7w==",
      "cpu": [
        "x64"
      ],
      "license": "UNLICENSED",
      "optional": true,
      "os": [
        "linux"
      ]
    },
    "node_modules/@factory/cli-linux-x64-baseline": {
      "version": "0.159.1",
      "resolved": "https://registry.npmjs.org/@factory/cli-linux-x64-baseline/-/cli-linux-x64-baseline-0.159.1.tgz",
      "integrity": "sha512-ALlw3s0sd+jTwB3KCO8s/BQyxk3z1D6MqJApnt/bU/gADzTQjHA+RX00JAC+AZ7jEbyo3faNu4PVj716PcdQCA==",
      "cpu": [
        "x64"
      ],
      "license": "UNLICENSED",
      "optional": true,
      "os": [
        "linux"
      ]
    },
    "node_modules/@factory/cli-win32-arm64": {
      "version": "0.159.1",
      "resolved": "https://registry.npmjs.org/@factory/cli-win32-arm64/-/cli-win32-arm64-0.159.1.tgz",
      "integrity": "sha512-PTNI4Nonlwwpb3GBE04krj1z1nsAhvKrzBetGRyq4JdABgrACH/HrOGba+zcPszsPh+ua2ClsS/MKXJCSoi9QQ==",
      "cpu": [
        "arm64"
      ],
      "license": "UNLICENSED",
      "optional": true,
      "os": [
        "win32"
      ]
    },
    "node_modules/@factory/cli-win32-x64": {
      "version": "0.159.1",
      "resolved": "https://registry.npmjs.org/@factory/cli-win32-x64/-/cli-win32-x64-0.159.1.tgz",
      "integrity": "sha512-k1Hk0r+dk7PbB806yt6VXg1XC56TRl5k2CUkZZ6djuuG6n9GoLuiuTN44wjUc3VW6yn4nGJxF8iNtfPW+/2nzQ==",
      "cpu": [
        "x64"
      ],
      "license": "UNLICENSED",
      "optional": true,
      "os": [
        "win32"
      ]
    },
    "node_modules/@factory/cli-win32-x64-baseline": {
      "version": "0.159.1",
      "resolved": "https://registry.npmjs.org/@factory/cli-win32-x64-baseline/-/cli-win32-x64-baseline-0.159.1.tgz",
      "integrity": "sha512-WJBC4LFbjnIsXYXhAz+4wxz00OCgWP3latf11RFsukXgUtcFvwYQcpdlwpizwWCAEFFfJxJY1w9iYbE/VMl/uA==",
      "cpu": [
        "x64"
      ],
      "license": "UNLICENSED",
      "optional": true,
      "os": [
        "win32"
      ]
    },
    "node_modules/droid": {
      "version": "0.159.1",
      "resolved": "https://registry.npmjs.org/droid/-/droid-0.159.1.tgz",
      "integrity": "sha512-O9JTroaccZH3LphNjAPpEjCH7+yBRsMtBAd+zpRxPTLZioAipYX/LlYhcn62A7SYWv5gPr9qW/6lnoxAzmqX2Q==",
      "hasInstallScript": true,
      "license": "UNLICENSED",
      "bin": {
        "droid": "bin/droid"
      },
      "engines": {
        "node": ">=20.0.0"
      },
      "optionalDependencies": {
        "@factory/cli-darwin-arm64": "0.159.1",
        "@factory/cli-darwin-x64": "0.159.1",
        "@factory/cli-darwin-x64-baseline": "0.159.1",
        "@factory/cli-linux-arm64": "0.159.1",
        "@factory/cli-linux-x64": "0.159.1",
        "@factory/cli-linux-x64-baseline": "0.159.1",
        "@factory/cli-win32-arm64": "0.159.1",
        "@factory/cli-win32-x64": "0.159.1",
        "@factory/cli-win32-x64-baseline": "0.159.1"
      }
    },
    "node_modules/koffi": {
      "version": "2.16.2",
      "resolved": "https://registry.npmjs.org/koffi/-/koffi-2.16.2.tgz",
      "integrity": "sha512-owU0MRwv6xkrVqCd+33uw6BaYppkTRXbO/rVdJNI2dvZG0gzyRhYwW25eWtc5pauwK8TGh3AbkFONSezdykfSA==",
      "hasInstallScript": true,
      "license": "MIT",
      "funding": {
        "url": "https://liberapay.com/Koromix"
      }
    },
    "node_modules/ws": {
      "version": "8.21.0",
      "resolved": "https://registry.npmjs.org/ws/-/ws-8.21.0.tgz",
      "integrity": "sha512-Vsp28b7DRcimFQvrqu2Wek3z1iYxDCWqHYB8Qsnk/S4RfaCQzPGPyBNuVjJV3cd6UiKtUtp6sNM77gWvzcCH+g==",
      "license": "MIT",
      "engines": {
        "node": ">=10.0.0"
      },
      "peerDependencies": {
        "bufferutil": "^4.0.1",
        "utf-8-validate": ">=5.0.2"
      },
      "peerDependenciesMeta": {
        "bufferutil": {
          "optional": true
        },
        "utf-8-validate": {
          "optional": true
        }
      }
    }
  }
}
