{
  "name": "@thezzisu/droidnode",
  "version": "0.170.0",
  "lockfileVersion": 3,
  "requires": true,
  "packages": {
    "": {
      "name": "@thezzisu/droidnode",
      "version": "0.170.0",
      "cpu": [
        "x64",
        "arm64"
      ],
      "license": "MIT",
      "os": [
        "linux",
        "darwin"
      ],
      "dependencies": {
        "droid": "^0.170.0",
        "koffi": "^2.10.0",
        "ws": "^8.18.0"
      },
      "bin": {
        "droidnode": "bin/droidnode.js"
      },
      "engines": {
        "node": ">=24.0.0"
      }
    },
    "node_modules/@factory/cli-darwin-arm64": {
      "version": "0.170.0",
      "resolved": "https://registry.npmjs.org/@factory/cli-darwin-arm64/-/cli-darwin-arm64-0.170.0.tgz",
      "integrity": "sha512-vCd4ekwsAuwGq4Am13nGp6E1e+dg+5bMFrwbS5Mak8cfOYe7ckfIls9OjLp/+qflf5kKCCXTDq9b0JFxQNGTgA==",
      "cpu": [
        "arm64"
      ],
      "license": "UNLICENSED",
      "optional": true,
      "os": [
        "darwin"
      ]
    },
    "node_modules/@factory/cli-darwin-x64": {
      "version": "0.170.0",
      "resolved": "https://registry.npmjs.org/@factory/cli-darwin-x64/-/cli-darwin-x64-0.170.0.tgz",
      "integrity": "sha512-6y5EjNXYU2ID4GJfj2Uk9Ks3pIBI6CS5152JRnwg8sKRkLzHqcjBmmuS2KvOK10ZTyAtLN6BeK4qHlB5lxaw6g==",
      "cpu": [
        "x64"
      ],
      "license": "UNLICENSED",
      "optional": true,
      "os": [
        "darwin"
      ]
    },
    "node_modules/@factory/cli-darwin-x64-baseline": {
      "version": "0.170.0",
      "resolved": "https://registry.npmjs.org/@factory/cli-darwin-x64-baseline/-/cli-darwin-x64-baseline-0.170.0.tgz",
      "integrity": "sha512-qqkDk3608ubp/AdqFMugbTtgqL5nlpGodtVGjKihllSZ9O+JIVii/Kr9A9OStcQRLO0DzN9jNnL7m9B3OS6ZtA==",
      "cpu": [
        "x64"
      ],
      "license": "UNLICENSED",
      "optional": true,
      "os": [
        "darwin"
      ]
    },
    "node_modules/@factory/cli-linux-arm64": {
      "version": "0.170.0",
      "resolved": "https://registry.npmjs.org/@factory/cli-linux-arm64/-/cli-linux-arm64-0.170.0.tgz",
      "integrity": "sha512-8mBSlVHiMYET0ZM8IrBfswGVhOdshf7TmA3neiVwqIPsSsu74UQJVAXmzKFR9cd2DIE+nrpSqQUYNYQHhhLrvg==",
      "cpu": [
        "arm64"
      ],
      "license": "UNLICENSED",
      "optional": true,
      "os": [
        "linux"
      ]
    },
    "node_modules/@factory/cli-linux-x64": {
      "version": "0.170.0",
      "resolved": "https://registry.npmjs.org/@factory/cli-linux-x64/-/cli-linux-x64-0.170.0.tgz",
      "integrity": "sha512-vLq80CQa89cPEowEXUC44mYBkAbww2uCH1CYOqxATI8YRIbPxl5TuOb2C1ilIl036zNqlXvOlnDUvtO25jAaVw==",
      "cpu": [
        "x64"
      ],
      "license": "UNLICENSED",
      "optional": true,
      "os": [
        "linux"
      ]
    },
    "node_modules/@factory/cli-linux-x64-baseline": {
      "version": "0.170.0",
      "resolved": "https://registry.npmjs.org/@factory/cli-linux-x64-baseline/-/cli-linux-x64-baseline-0.170.0.tgz",
      "integrity": "sha512-BTUTsLQ0UrA1VDLB72nddPaEBtm5uUQ/9JQPt/UON1KvHqA9E0kz3Zg3eXsNJvoqiE7E8zK9RyRMGw/YED/20A==",
      "cpu": [
        "x64"
      ],
      "license": "UNLICENSED",
      "optional": true,
      "os": [
        "linux"
      ]
    },
    "node_modules/@factory/cli-win32-arm64": {
      "version": "0.170.0",
      "resolved": "https://registry.npmjs.org/@factory/cli-win32-arm64/-/cli-win32-arm64-0.170.0.tgz",
      "integrity": "sha512-VQjZ3oIMVTRbz769TUa8wDOsPWd5eQj1X/vDaCjcFGpiwSsEXpZpxTsSCvEnEipWEsGRgvDgLEZu2lLaHEZUCA==",
      "cpu": [
        "arm64"
      ],
      "license": "UNLICENSED",
      "optional": true,
      "os": [
        "win32"
      ]
    },
    "node_modules/@factory/cli-win32-x64": {
      "version": "0.170.0",
      "resolved": "https://registry.npmjs.org/@factory/cli-win32-x64/-/cli-win32-x64-0.170.0.tgz",
      "integrity": "sha512-c9si504WQrNpkt+dd9Sf+gZ+Ug0hdWFsbyQWKUz429lYLro9iBXkkLrvYpj1fDP9+H1VWkUnjw5tDIC2+IALAw==",
      "cpu": [
        "x64"
      ],
      "license": "UNLICENSED",
      "optional": true,
      "os": [
        "win32"
      ]
    },
    "node_modules/@factory/cli-win32-x64-baseline": {
      "version": "0.170.0",
      "resolved": "https://registry.npmjs.org/@factory/cli-win32-x64-baseline/-/cli-win32-x64-baseline-0.170.0.tgz",
      "integrity": "sha512-jRKSs1QcCnAUAPsRbGC7sNu2SDOD/H9JnWN8ktvUzwcGnCmBOcOHUUIfW31BwfRv7niGshEXw/8LYa/JdBhcsQ==",
      "cpu": [
        "x64"
      ],
      "license": "UNLICENSED",
      "optional": true,
      "os": [
        "win32"
      ]
    },
    "node_modules/droid": {
      "version": "0.170.0",
      "resolved": "https://registry.npmjs.org/droid/-/droid-0.170.0.tgz",
      "integrity": "sha512-0ur1P76Sx1r15C3GJIlpbYEWjT5WRT4rYX+cT+0AjovRjKCmaqe2VkebIN7DGAu90HSda+/a1dKHkKSCmRt9yw==",
      "hasInstallScript": true,
      "license": "UNLICENSED",
      "bin": {
        "droid": "bin/droid"
      },
      "engines": {
        "node": ">=20.0.0"
      },
      "optionalDependencies": {
        "@factory/cli-darwin-arm64": "0.170.0",
        "@factory/cli-darwin-x64": "0.170.0",
        "@factory/cli-darwin-x64-baseline": "0.170.0",
        "@factory/cli-linux-arm64": "0.170.0",
        "@factory/cli-linux-x64": "0.170.0",
        "@factory/cli-linux-x64-baseline": "0.170.0",
        "@factory/cli-win32-arm64": "0.170.0",
        "@factory/cli-win32-x64": "0.170.0",
        "@factory/cli-win32-x64-baseline": "0.170.0"
      }
    },
    "node_modules/koffi": {
      "version": "2.16.2",
      "resolved": "https://registry.npmjs.org/koffi/-/koffi-2.16.2.tgz",
      "integrity": "sha512-owU0MRwv6xkrVqCd+33uw6BaYppkTRXbO/rVdJNI2dvZG0gzyRhYwW25eWtc5pauwK8TGh3AbkFONSezdykfSA==",
      "hasInstallScript": true,
      "license": "MIT",
      "funding": {
        "url": "https://liberapay.com/Koromix"
      }
    },
    "node_modules/ws": {
      "version": "8.21.0",
      "resolved": "https://registry.npmjs.org/ws/-/ws-8.21.0.tgz",
      "integrity": "sha512-Vsp28b7DRcimFQvrqu2Wek3z1iYxDCWqHYB8Qsnk/S4RfaCQzPGPyBNuVjJV3cd6UiKtUtp6sNM77gWvzcCH+g==",
      "license": "MIT",
      "engines": {
        "node": ">=10.0.0"
      },
      "peerDependencies": {
        "bufferutil": "^4.0.1",
        "utf-8-validate": ">=5.0.2"
      },
      "peerDependenciesMeta": {
        "bufferutil": {
          "optional": true
        },
        "utf-8-validate": {
          "optional": true
        }
      }
    }
  }
}
